
Microsoft Visual Studio Solution File, Format Version 12.00
# Visual Studio Version 17
VisualStudioVersion = 17.3.32922.545
MinimumVisualStudioVersion = 10.0.40219.1
Project("{FAE04EC0-301F-11D3-BF4B-00C04F79EFBC}") = "Individual Assignment 7", "Individual Assignment 7\Individual Assignment 7.csproj", "{B150F23B-3A1F-4BD5-908A-391D1BE9AE90}"
EndProject
Global
	GlobalSection(SolutionConfigurationPlatforms) = preSolution
		Debug|Any CPU = Debug|Any CPU
		Release|Any CPU = Release|Any CPU
	EndGlobalSection
	GlobalSection(ProjectConfigurationPlatforms) = postSolution
		{B150F23B-3A1F-4BD5-908A-391D1BE9AE90}.Debug|Any CPU.ActiveCfg = Debug|Any CPU
		{B150F23B-3A1F-4BD5-908A-391D1BE9AE90}.Debug|Any CPU.Build.0 = Debug|Any CPU
		{B150F23B-3A1F-4BD5-908A-391D1BE9AE90}.Release|Any CPU.ActiveCfg = Release|Any CPU
		{B150F23B-3A1F-4BD5-908A-391D1BE9AE90}.Release|Any CPU.Build.0 = Release|Any CPU
	EndGlobalSection
	GlobalSection(SolutionProperties) = preSolution
		HideSolutionNode = FALSE
	EndGlobalSection
	GlobalSection(ExtensibilityGlobals) = postSolution
		SolutionGuid = {CE805B1E-91A4-48BA-958C-81D756A140AF}
	EndGlobalSection
EndGlobal
